
Microsoft Visual Studio Solution File, Format Version 12.00
# Visual Studio 14
VisualStudioVersion = 14.0.25420.1
MinimumVisualStudioVersion = 10.0.40219.1
Project("{FAE04EC0-301F-11D3-BF4B-00C04F79EFBC}") = "MP3Editor.Businesslogic", "MP3Editor.Businesslogic\MP3Editor.Businesslogic.csproj", "{42050D97-09AE-4F00-82F4-7E7303C126B6}"
EndProject
Project("{FAE04EC0-301F-11D3-BF4B-00C04F79EFBC}") = "MP3Editor.Businesslogic.Test", "MP3Editor.Businesslogic.Test\MP3Editor.Businesslogic.Test.csproj", "{DC7DAA00-68B8-48F7-826D-5CCBB360B5EF}"
EndProject
Project("{FAE04EC0-301F-11D3-BF4B-00C04F79EFBC}") = "MP3Editor.UI", "MP3Editor.UI\MP3Editor.UI.csproj", "{3F59EA07-B138-4EEC-A8AD-C7C89E6D8CEF}"
EndProject
Project("{7CF6DF6D-3B04-46F8-A40B-537D21BCA0B4}") = "MP3Editor.Docs", "MP3Editor.Docs\MP3Editor.Docs.shfbproj", "{91AC51AB-FDB8-4EE1-B07D-4F310C26607B}"
EndProject
Global
	GlobalSection(SolutionConfigurationPlatforms) = preSolution
		Debug|Any CPU = Debug|Any CPU
		Release|Any CPU = Release|Any CPU
	EndGlobalSection
	GlobalSection(ProjectConfigurationPlatforms) = postSolution
		{42050D97-09AE-4F00-82F4-7E7303C126B6}.Debug|Any CPU.ActiveCfg = Debug|Any CPU
		{42050D97-09AE-4F00-82F4-7E7303C126B6}.Debug|Any CPU.Build.0 = Debug|Any CPU
		{42050D97-09AE-4F00-82F4-7E7303C126B6}.Release|Any CPU.ActiveCfg = Release|Any CPU
		{42050D97-09AE-4F00-82F4-7E7303C126B6}.Release|Any CPU.Build.0 = Release|Any CPU
		{DC7DAA00-68B8-48F7-826D-5CCBB360B5EF}.Debug|Any CPU.ActiveCfg = Debug|Any CPU
		{DC7DAA00-68B8-48F7-826D-5CCBB360B5EF}.Debug|Any CPU.Build.0 = Debug|Any CPU
		{DC7DAA00-68B8-48F7-826D-5CCBB360B5EF}.Release|Any CPU.ActiveCfg = Release|Any CPU
		{DC7DAA00-68B8-48F7-826D-5CCBB360B5EF}.Release|Any CPU.Build.0 = Release|Any CPU
		{3F59EA07-B138-4EEC-A8AD-C7C89E6D8CEF}.Debug|Any CPU.ActiveCfg = Debug|Any CPU
		{3F59EA07-B138-4EEC-A8AD-C7C89E6D8CEF}.Debug|Any CPU.Build.0 = Debug|Any CPU
		{3F59EA07-B138-4EEC-A8AD-C7C89E6D8CEF}.Release|Any CPU.ActiveCfg = Release|Any CPU
		{3F59EA07-B138-4EEC-A8AD-C7C89E6D8CEF}.Release|Any CPU.Build.0 = Release|Any CPU
		{91AC51AB-FDB8-4EE1-B07D-4F310C26607B}.Debug|Any CPU.ActiveCfg = Debug|Any CPU
		{91AC51AB-FDB8-4EE1-B07D-4F310C26607B}.Debug|Any CPU.Build.0 = Debug|Any CPU
		{91AC51AB-FDB8-4EE1-B07D-4F310C26607B}.Release|Any CPU.ActiveCfg = Release|Any CPU
		{91AC51AB-FDB8-4EE1-B07D-4F310C26607B}.Release|Any CPU.Build.0 = Release|Any CPU
	EndGlobalSection
	GlobalSection(SolutionProperties) = preSolution
		HideSolutionNode = FALSE
	EndGlobalSection
EndGlobal
